type: Action
topMatter: Null Signature Action
title: Joint Lock
keywords:
  - Melee
  - Psionic
  - Strike
  - Weapon
flavour: You contort your enemy's body into a stance they struggle to escape from.
statements:
  - characteristic: Agility
    t1:
      hasDamage: true
      damageValue: 4+a
      hasGeneralEffect: true
      generalEffect: Damage
      hasPotency: true
      potencyValue: a<0
      potencyEffect: Grabbed
    t2:
      hasDamage: true
      damageValue: 7+a
      hasGeneralEffect: true
      generalEffect: Damage
      hasPotency: true
      potencyValue: a<1
      potencyEffect: Grabbed
    t3:
      hasDamage: true
      damageValue: 9+a
      hasGeneralEffect: true
      generalEffect: Damage
      hasPotency: true
      potencyValue: a<2
      potencyEffect: Grabbed
hasCost: false
target: 1 Creature or Object
distance:
  - distanceHeader: Melee
    distanceValue: "1"
